PODS:
  - Flutter (1.0.0)
  - Protobuf (3.29.6)
  - reactive_ble_mobile (0.0.1):
    - Flutter
    - FlutterMacOS
    - Protobuf (~> 3.5)
    - SwiftProtobuf (~> 1.0)
  - SwiftProtobuf (1.36.1)

DEPENDENCIES:
  - Flutter (from `Flutter`)
  - reactive_ble_mobile (from `.symlinks/plugins/reactive_ble_mobile/darwin`)

SPEC REPOS:
  trunk:
    - Protobuf
    - SwiftProtobuf

EXTERNAL SOURCES:
  Flutter:
    :path: Flutter
  reactive_ble_mobile:
    :path: ".symlinks/plugins/reactive_ble_mobile/darwin"

SPEC CHECKSUMS:
  Flutter: cabc95a1d2626b1b06e7179b784ebcf0c0cde467
  Protobuf: 8d5596f7468be5400861a6bbfb2dfe9d0d1cde34
  reactive_ble_mobile: ea97709e18fa6f0b0592909725d7ae7e1c595b64
  SwiftProtobuf: 9e106a71456f4d3f6a3b0c8fd87ef0be085efc38

PODFILE CHECKSUM: fc6a23116abd7f5616dcd956fb3555a6d43cd795

COCOAPODS: 1.16.2
